
Microsoft Visual Studio Solution File, Format Version 12.00
# Visual Studio Version 17
VisualStudioVersion = 17.8.34408.163
MinimumVisualStudioVersion = 10.0.40219.1
Project("{FAE04EC0-301F-11D3-BF4B-00C04F79EFBC}") = "BoxOfT", "BoxOfT\BoxOfT.csproj", "{C4A851DE-D86C-453A-BC84-E936D9827BBC}"
EndProject
Project("{FAE04EC0-301F-11D3-BF4B-00C04F79EFBC}") = "GenericArrayCreator", "GenericArrayCreator\GenericArrayCreator.csproj", "{CCF6ACD8-54A3-4D6F-83C6-9162C7DD34A5}"
EndProject
Project("{FAE04EC0-301F-11D3-BF4B-00C04F79EFBC}") = "GenericScale", "GenericScale\GenericScale.csproj", "{79A54B40-BA89-4849-929D-A4BE52B2DB92}"
EndProject
Global
	GlobalSection(SolutionConfigurationPlatforms) = preSolution
		Debug|Any CPU = Debug|Any CPU
		Release|Any CPU = Release|Any CPU
	EndGlobalSection
	GlobalSection(ProjectConfigurationPlatforms) = postSolution
		{C4A851DE-D86C-453A-BC84-E936D9827BBC}.Debug|Any CPU.ActiveCfg = Debug|Any CPU
		{C4A851DE-D86C-453A-BC84-E936D9827BBC}.Debug|Any CPU.Build.0 = Debug|Any CPU
		{C4A851DE-D86C-453A-BC84-E936D9827BBC}.Release|Any CPU.ActiveCfg = Release|Any CPU
		{C4A851DE-D86C-453A-BC84-E936D9827BBC}.Release|Any CPU.Build.0 = Release|Any CPU
		{CCF6ACD8-54A3-4D6F-83C6-9162C7DD34A5}.Debug|Any CPU.ActiveCfg = Debug|Any CPU
		{CCF6ACD8-54A3-4D6F-83C6-9162C7DD34A5}.Debug|Any CPU.Build.0 = Debug|Any CPU
		{CCF6ACD8-54A3-4D6F-83C6-9162C7DD34A5}.Release|Any CPU.ActiveCfg = Release|Any CPU
		{CCF6ACD8-54A3-4D6F-83C6-9162C7DD34A5}.Release|Any CPU.Build.0 = Release|Any CPU
		{79A54B40-BA89-4849-929D-A4BE52B2DB92}.Debug|Any CPU.ActiveCfg = Debug|Any CPU
		{79A54B40-BA89-4849-929D-A4BE52B2DB92}.Debug|Any CPU.Build.0 = Debug|Any CPU
		{79A54B40-BA89-4849-929D-A4BE52B2DB92}.Release|Any CPU.ActiveCfg = Release|Any CPU
		{79A54B40-BA89-4849-929D-A4BE52B2DB92}.Release|Any CPU.Build.0 = Release|Any CPU
	EndGlobalSection
	GlobalSection(SolutionProperties) = preSolution
		HideSolutionNode = FALSE
	EndGlobalSection
	GlobalSection(ExtensibilityGlobals) = postSolution
		SolutionGuid = {9384D6FA-979F-4822-91A5-65C5ACEF3845}
	EndGlobalSection
EndGlobal
