
Microsoft Visual Studio Solution File, Format Version 12.00
# Visual Studio Version 17
VisualStudioVersion = 17.8.34408.163
MinimumVisualStudioVersion = 10.0.40219.1
Project("{9A19103F-16F7-4668-BE54-9A1E7A4F7556}") = "01. Action Print", "01. Action Print\01. Action Print.csproj", "{BA2D1E6D-BFDA-40C3-9746-AA686E0D5CAA}"
EndProject
Project("{9A19103F-16F7-4668-BE54-9A1E7A4F7556}") = "02. Knights of Honor", "02. Knights of Honor\02. Knights of Honor.csproj", "{103FCCBF-8D69-496E-8FD8-A11C206D97B6}"
EndProject
Project("{9A19103F-16F7-4668-BE54-9A1E7A4F7556}") = "03. Custom Min Function", "03. Custom Min Function\03. Custom Min Function.csproj", "{D1E349FD-CFA9-4C46-A75F-33665D94488F}"
EndProject
Project("{9A19103F-16F7-4668-BE54-9A1E7A4F7556}") = "04. Find Evens or Odds", "04. Find Evens or Odds\04. Find Evens or Odds.csproj", "{13D45F75-836A-4F72-9EDC-0E6A51D6A6EB}"
EndProject
Project("{9A19103F-16F7-4668-BE54-9A1E7A4F7556}") = "05. Applied Arithmetics", "05. Applied Arithmetics\05. Applied Arithmetics.csproj", "{F9D4A85F-A778-4283-9041-13005B4CCCD0}"
EndProject
Project("{9A19103F-16F7-4668-BE54-9A1E7A4F7556}") = "06. Reverse And Exclude", "06. Reverse And Exclude\06. Reverse And Exclude.csproj", "{A653177A-4F0F-4E94-9043-AB2FDF2BE9B0}"
EndProject
Project("{9A19103F-16F7-4668-BE54-9A1E7A4F7556}") = "07. Predicate For Names", "07. Predicate For Names\07. Predicate For Names.csproj", "{AFF8A4A6-1A76-47F9-A602-DE0298D1DF41}"
EndProject
Project("{9A19103F-16F7-4668-BE54-9A1E7A4F7556}") = "08. List Of Predicates", "08. List Of Predicates\08. List Of Predicates.csproj", "{2CB66130-8BAF-47FB-BF63-6E9D77F5751E}"
EndProject
Project("{9A19103F-16F7-4668-BE54-9A1E7A4F7556}") = "09. Predicate Party!", "09. Predicate Party!\09. Predicate Party!.csproj", "{2BB1FBB2-86F0-43B1-B084-EDA85EFFC75E}"
EndProject
Project("{9A19103F-16F7-4668-BE54-9A1E7A4F7556}") = "11. TriFunction", "11. TriFunction\11. TriFunction.csproj", "{9D62CA7F-F5B2-44F1-BDA1-CB99BFFC2D67}"
EndProject
Project("{FAE04EC0-301F-11D3-BF4B-00C04F79EFBC}") = "10. The Party Reservation Filter Module", "10. The Party Reservation Filter Module\10. The Party Reservation Filter Module.csproj", "{CCA4BD75-6E58-45DC-82EF-F0C55ECCE559}"
EndProject
Global
	GlobalSection(SolutionConfigurationPlatforms) = preSolution
		Debug|Any CPU = Debug|Any CPU
		Release|Any CPU = Release|Any CPU
	EndGlobalSection
	GlobalSection(ProjectConfigurationPlatforms) = postSolution
		{BA2D1E6D-BFDA-40C3-9746-AA686E0D5CAA}.Debug|Any CPU.ActiveCfg = Debug|Any CPU
		{BA2D1E6D-BFDA-40C3-9746-AA686E0D5CAA}.Debug|Any CPU.Build.0 = Debug|Any CPU
		{BA2D1E6D-BFDA-40C3-9746-AA686E0D5CAA}.Release|Any CPU.ActiveCfg = Release|Any CPU
		{BA2D1E6D-BFDA-40C3-9746-AA686E0D5CAA}.Release|Any CPU.Build.0 = Release|Any CPU
		{103FCCBF-8D69-496E-8FD8-A11C206D97B6}.Debug|Any CPU.ActiveCfg = Debug|Any CPU
		{103FCCBF-8D69-496E-8FD8-A11C206D97B6}.Debug|Any CPU.Build.0 = Debug|Any CPU
		{103FCCBF-8D69-496E-8FD8-A11C206D97B6}.Release|Any CPU.ActiveCfg = Release|Any CPU
		{103FCCBF-8D69-496E-8FD8-A11C206D97B6}.Release|Any CPU.Build.0 = Release|Any CPU
		{D1E349FD-CFA9-4C46-A75F-33665D94488F}.Debug|Any CPU.ActiveCfg = Debug|Any CPU
		{D1E349FD-CFA9-4C46-A75F-33665D94488F}.Debug|Any CPU.Build.0 = Debug|Any CPU
		{D1E349FD-CFA9-4C46-A75F-33665D94488F}.Release|Any CPU.ActiveCfg = Release|Any CPU
		{D1E349FD-CFA9-4C46-A75F-33665D94488F}.Release|Any CPU.Build.0 = Release|Any CPU
		{13D45F75-836A-4F72-9EDC-0E6A51D6A6EB}.Debug|Any CPU.ActiveCfg = Debug|Any CPU
		{13D45F75-836A-4F72-9EDC-0E6A51D6A6EB}.Debug|Any CPU.Build.0 = Debug|Any CPU
		{13D45F75-836A-4F72-9EDC-0E6A51D6A6EB}.Release|Any CPU.ActiveCfg = Release|Any CPU
		{13D45F75-836A-4F72-9EDC-0E6A51D6A6EB}.Release|Any CPU.Build.0 = Release|Any CPU
		{F9D4A85F-A778-4283-9041-13005B4CCCD0}.Debug|Any CPU.ActiveCfg = Debug|Any CPU
		{F9D4A85F-A778-4283-9041-13005B4CCCD0}.Debug|Any CPU.Build.0 = Debug|Any CPU
		{F9D4A85F-A778-4283-9041-13005B4CCCD0}.Release|Any CPU.ActiveCfg = Release|Any CPU
		{F9D4A85F-A778-4283-9041-13005B4CCCD0}.Release|Any CPU.Build.0 = Release|Any CPU
		{A653177A-4F0F-4E94-9043-AB2FDF2BE9B0}.Debug|Any CPU.ActiveCfg = Debug|Any CPU
		{A653177A-4F0F-4E94-9043-AB2FDF2BE9B0}.Debug|Any CPU.Build.0 = Debug|Any CPU
		{A653177A-4F0F-4E94-9043-AB2FDF2BE9B0}.Release|Any CPU.ActiveCfg = Release|Any CPU
		{A653177A-4F0F-4E94-9043-AB2FDF2BE9B0}.Release|Any CPU.Build.0 = Release|Any CPU
		{AFF8A4A6-1A76-47F9-A602-DE0298D1DF41}.Debug|Any CPU.ActiveCfg = Debug|Any CPU
		{AFF8A4A6-1A76-47F9-A602-DE0298D1DF41}.Debug|Any CPU.Build.0 = Debug|Any CPU
		{AFF8A4A6-1A76-47F9-A602-DE0298D1DF41}.Release|Any CPU.ActiveCfg = Release|Any CPU
		{AFF8A4A6-1A76-47F9-A602-DE0298D1DF41}.Release|Any CPU.Build.0 = Release|Any CPU
		{2CB66130-8BAF-47FB-BF63-6E9D77F5751E}.Debug|Any CPU.ActiveCfg = Debug|Any CPU
		{2CB66130-8BAF-47FB-BF63-6E9D77F5751E}.Debug|Any CPU.Build.0 = Debug|Any CPU
		{2CB66130-8BAF-47FB-BF63-6E9D77F5751E}.Release|Any CPU.ActiveCfg = Release|Any CPU
		{2CB66130-8BAF-47FB-BF63-6E9D77F5751E}.Release|Any CPU.Build.0 = Release|Any CPU
		{2BB1FBB2-86F0-43B1-B084-EDA85EFFC75E}.Debug|Any CPU.ActiveCfg = Debug|Any CPU
		{2BB1FBB2-86F0-43B1-B084-EDA85EFFC75E}.Debug|Any CPU.Build.0 = Debug|Any CPU
		{2BB1FBB2-86F0-43B1-B084-EDA85EFFC75E}.Release|Any CPU.ActiveCfg = Release|Any CPU
		{2BB1FBB2-86F0-43B1-B084-EDA85EFFC75E}.Release|Any CPU.Build.0 = Release|Any CPU
		{9D62CA7F-F5B2-44F1-BDA1-CB99BFFC2D67}.Debug|Any CPU.ActiveCfg = Debug|Any CPU
		{9D62CA7F-F5B2-44F1-BDA1-CB99BFFC2D67}.Debug|Any CPU.Build.0 = Debug|Any CPU
		{9D62CA7F-F5B2-44F1-BDA1-CB99BFFC2D67}.Release|Any CPU.ActiveCfg = Release|Any CPU
		{9D62CA7F-F5B2-44F1-BDA1-CB99BFFC2D67}.Release|Any CPU.Build.0 = Release|Any CPU
		{CCA4BD75-6E58-45DC-82EF-F0C55ECCE559}.Debug|Any CPU.ActiveCfg = Debug|Any CPU
		{CCA4BD75-6E58-45DC-82EF-F0C55ECCE559}.Debug|Any CPU.Build.0 = Debug|Any CPU
		{CCA4BD75-6E58-45DC-82EF-F0C55ECCE559}.Release|Any CPU.ActiveCfg = Release|Any CPU
		{CCA4BD75-6E58-45DC-82EF-F0C55ECCE559}.Release|Any CPU.Build.0 = Release|Any CPU
	EndGlobalSection
	GlobalSection(SolutionProperties) = preSolution
		HideSolutionNode = FALSE
	EndGlobalSection
	GlobalSection(ExtensibilityGlobals) = postSolution
		SolutionGuid = {FCEDEBA2-0088-4C1D-ABEA-2B8106BFBE23}
	EndGlobalSection
EndGlobal
